Microsoft Visual Studio Solution File, Format Version 11.00
# Visual Studio 2010
Project("{FAE04EC0-301F-11D3-BF4B-00C04F79EFBC}") = "Restful.Web.Client", "Restful.Web.Client\Restful.Web.Client.csproj", "{7601FB44-FA25-4BF3-9278-6362CBEEAC8A}"
EndProject
Project("{2150E333-8FDC-42A3-9474-1A3956D46DE8}") = "Docs", "Docs", "{CE035432-A3FF-4E10-8B7E-4D7EE1C92D46}"
	ProjectSection(SolutionItems) = preProject
		..\README.txt = ..\README.txt
	EndProjectSection
EndProject
Global
	GlobalSection(SolutionConfigurationPlatforms) = preSolution
		Debug|Any CPU = Debug|Any CPU
		Debug|Mixed Platforms = Debug|Mixed Platforms
		Debug|x86 = Debug|x86
		Release|Any CPU = Release|Any CPU
		Release|Mixed Platforms = Release|Mixed Platforms
		Release|x86 = Release|x86
	EndGlobalSection
	GlobalSection(ProjectConfigurationPlatforms) = postSolution
		{7601FB44-FA25-4BF3-9278-6362CBEEAC8A}.Debug|Any CPU.ActiveCfg = Debug|Any CPU
		{7601FB44-FA25-4BF3-9278-6362CBEEAC8A}.Debug|Any CPU.Build.0 = Debug|Any CPU
		{7601FB44-FA25-4BF3-9278-6362CBEEAC8A}.Debug|Mixed Platforms.ActiveCfg = Debug|Any CPU
		{7601FB44-FA25-4BF3-9278-6362CBEEAC8A}.Debug|Mixed Platforms.Build.0 = Debug|Any CPU
		{7601FB44-FA25-4BF3-9278-6362CBEEAC8A}.Debug|x86.ActiveCfg = Debug|Any CPU
		{7601FB44-FA25-4BF3-9278-6362CBEEAC8A}.Release|Any CPU.ActiveCfg = Release|Any CPU
		{7601FB44-FA25-4BF3-9278-6362CBEEAC8A}.Release|Any CPU.Build.0 = Release|Any CPU
		{7601FB44-FA25-4BF3-9278-6362CBEEAC8A}.Release|Mixed Platforms.ActiveCfg = Release|Any CPU
		{7601FB44-FA25-4BF3-9278-6362CBEEAC8A}.Release|Mixed Platforms.Build.0 = Release|Any CPU
		{7601FB44-FA25-4BF3-9278-6362CBEEAC8A}.Release|x86.ActiveCfg = Release|Any CPU
	EndGlobalSection
	GlobalSection(SolutionProperties) = preSolution
		HideSolutionNode = FALSE
	EndGlobalSection
EndGlobal
